
Microsoft Visual Studio Solution File, Format Version 12.00
# Visual Studio Version 17
VisualStudioVersion = 17.10.35013.160
MinimumVisualStudioVersion = 10.0.40219.1
Project("{FAE04EC0-301F-11D3-BF4B-00C04F79EFBC}") = "Area_Manager_sharp", "Area_Manager_sharp\Area_Manager_sharp.csproj", "{DC16E102-50A0-4258-9D8B-3B43B38FCEFE}"
EndProject
Global
	GlobalSection(SolutionConfigurationPlatforms) = preSolution
		Debug|Any CPU = Debug|Any CPU
		Release|Any CPU = Release|Any CPU
	EndGlobalSection
	GlobalSection(ProjectConfigurationPlatforms) = postSolution
		{DC16E102-50A0-4258-9D8B-3B43B38FCEFE}.Debug|Any CPU.ActiveCfg = Debug|Any CPU
		{DC16E102-50A0-4258-9D8B-3B43B38FCEFE}.Debug|Any CPU.Build.0 = Debug|Any CPU
		{DC16E102-50A0-4258-9D8B-3B43B38FCEFE}.Release|Any CPU.ActiveCfg = Release|Any CPU
		{DC16E102-50A0-4258-9D8B-3B43B38FCEFE}.Release|Any CPU.Build.0 = Release|Any CPU
	EndGlobalSection
	GlobalSection(SolutionProperties) = preSolution
		HideSolutionNode = FALSE
	EndGlobalSection
	GlobalSection(ExtensibilityGlobals) = postSolution
		SolutionGuid = {CBC672BE-5E5F-429A-9498-52FE990FF310}
	EndGlobalSection
EndGlobal
